
Microsoft Visual Studio Solution File, Format Version 12.00
# Visual Studio 15
VisualStudioVersion = 15.0.27703.2026
MinimumVisualStudioVersion = 10.0.40219.1
Project("{FAE04EC0-301F-11D3-BF4B-00C04F79EFBC}") = "BasicTask01", "BasicTask01\BasicTask01.csproj", "{79D73DF3-D044-467F-B24D-1EBC0FF9DA38}"
EndProject
Global
	GlobalSection(SolutionConfigurationPlatforms) = preSolution
		Debug|Any CPU = Debug|Any CPU
		Release|Any CPU = Release|Any CPU
	EndGlobalSection
	GlobalSection(ProjectConfigurationPlatforms) = postSolution
		{79D73DF3-D044-467F-B24D-1EBC0FF9DA38}.Debug|Any CPU.ActiveCfg = Debug|Any CPU
		{79D73DF3-D044-467F-B24D-1EBC0FF9DA38}.Debug|Any CPU.Build.0 = Debug|Any CPU
		{79D73DF3-D044-467F-B24D-1EBC0FF9DA38}.Release|Any CPU.ActiveCfg = Release|Any CPU
		{79D73DF3-D044-467F-B24D-1EBC0FF9DA38}.Release|Any CPU.Build.0 = Release|Any CPU
	EndGlobalSection
	GlobalSection(SolutionProperties) = preSolution
		HideSolutionNode = FALSE
	EndGlobalSection
	GlobalSection(ExtensibilityGlobals) = postSolution
		SolutionGuid = {41092004-828B-452B-9D66-D8BDF1D849FB}
	EndGlobalSection
EndGlobal
